// !$*UTF8*$!
{
	archiveVersion = 1;
	classes = {
	};
	objectVersion = 56;
	objects = {

/* Begin PBXBuildFile section */
		3CB042812982F3E60017C787 /* ConversationView.swift in Sources */ = {isa = PBXBuildFile; fileRef = 3CB042802982F3E60017C787 /* ConversationView.swift */; };
		3CB042832982F42E0017C787 /* Views.swift in Sources */ = {isa = PBXBuildFile; fileRef = 3CB042822982F42E0017C787 /* Views.swift */; };
		3CB042852982F4620017C787 /* MessageView.swift in Sources */ = {isa = PBXBuildFile; fileRef = 3CB042842982F4620017C787 /* MessageView.swift */; };
		3CB04287298386990017C787 /* KeyboardView.swift in Sources */ = {isa = PBXBuildFile; fileRef = 3CB04286298386990017C787 /* KeyboardView.swift */; };
		3CFBF96D28F744B7007C0CAB /* ConjugatorApp.swift in Sources */ = {isa = PBXBuildFile; fileRef = 3CFBF96C28F744B7007C0CAB /* ConjugatorApp.swift */; };
		3CFBF96F28F744B7007C0CAB /* ContentView.swift in Sources */ = {isa = PBXBuildFile; fileRef = 3CFBF96E28F744B7007C0CAB /* ContentView.swift */; };
		3CFBF97128F744B9007C0CAB /* Assets.xcassets in Resources */ = {isa = PBXBuildFile; fileRef = 3CFBF97028F744B9007C0CAB /* Assets.xcassets */; };
		3CFBF97B28F74597007C0CAB /* ViewModel.swift in Sources */ = {isa = PBXBuildFile; fileRef = 3CFBF97A28F74597007C0CAB /* ViewModel.swift */; };
		3CFBF97E28F747E2007C0CAB /* Models.swift in Sources */ = {isa = PBXBuildFile; fileRef = 3CFBF97D28F747E2007C0CAB /* Models.swift */; };
		3CFBF98028F74CE5007C0CAB /* Utilities.swift in Sources */ = {isa = PBXBuildFile; fileRef = 3CFBF97F28F74CE5007C0CAB /* Utilities.swift */; };
		3CFBF98228F76171007C0CAB /* LevelView.swift in Sources */ = {isa = PBXBuildFile; fileRef = 3CFBF98128F76171007C0CAB /* LevelView.swift */; };
		3CFBF98628F7680B007C0CAB /* Parsing.swift in Sources */ = {isa = PBXBuildFile; fileRef = 3CFBF98528F7680B007C0CAB /* Parsing.swift */; };
		3CFBF98828F769B5007C0CAB /* LevelCardView.swift in Sources */ = {isa = PBXBuildFile; fileRef = 3CFBF98728F769B5007C0CAB /* LevelCardView.swift */; };
		3CFBF98C28F769F6007C0CAB /* LevelViewModel.swift in Sources */ = {isa = PBXBuildFile; fileRef = 3CFBF98B28F769F6007C0CAB /* LevelViewModel.swift */; };
/* End PBXBuildFile section */

/* Begin PBXFileReference section */
		3CB042802982F3E60017C787 /* ConversationView.swift */ = {isa = PBXFileReference; lastKnownFileType = sourcecode.swift; path = ConversationView.swift; sourceTree = "<group>"; };
		3CB042822982F42E0017C787 /* Views.swift */ = {isa = PBXFileReference; lastKnownFileType = sourcecode.swift; path = Views.swift; sourceTree = "<group>"; };
		3CB042842982F4620017C787 /* MessageView.swift */ = {isa = PBXFileReference; lastKnownFileType = sourcecode.swift; path = MessageView.swift; sourceTree = "<group>"; };
		3CB04286298386990017C787 /* KeyboardView.swift */ = {isa = PBXFileReference; lastKnownFileType = sourcecode.swift; path = KeyboardView.swift; sourceTree = "<group>"; };
		3CFBF96928F744B7007C0CAB /* Conjugator.app */ = {isa = PBXFileReference; explicitFileType = wrapper.application; includeInIndex = 0; path = Conjugator.app; sourceTree = BUILT_PRODUCTS_DIR; };
		3CFBF96C28F744B7007C0CAB /* ConjugatorApp.swift */ = {isa = PBXFileReference; lastKnownFileType = sourcecode.swift; path = ConjugatorApp.swift; sourceTree = "<group>"; };
		3CFBF96E28F744B7007C0CAB /* ContentView.swift */ = {isa = PBXFileReference; lastKnownFileType = sourcecode.swift; path = ContentView.swift; sourceTree = "<group>"; };
		3CFBF97028F744B9007C0CAB /* Assets.xcassets */ = {isa = PBXFileReference; lastKnownFileType = folder.assetcatalog; path = Assets.xcassets; sourceTree = "<group>"; };
		3CFBF97A28F74597007C0CAB /* ViewModel.swift */ = {isa = PBXFileReference; lastKnownFileType = sourcecode.swift; path = ViewModel.swift; sourceTree = "<group>"; };
		3CFBF97D28F747E2007C0CAB /* Models.swift */ = {isa = PBXFileReference; lastKnownFileType = sourcecode.swift; path = Models.swift; sourceTree = "<group>"; };
		3CFBF97F28F74CE5007C0CAB /* Utilities.swift */ = {isa = PBXFileReference; lastKnownFileType = sourcecode.swift; path = Utilities.swift; sourceTree = "<group>"; };
		3CFBF98128F76171007C0CAB /* LevelView.swift */ = {isa = PBXFileReference; lastKnownFileType = sourcecode.swift; path = LevelView.swift; sourceTree = "<group>"; };
		3CFBF98528F7680B007C0CAB /* Parsing.swift */ = {isa = PBXFileReference; lastKnownFileType = sourcecode.swift; path = Parsing.swift; sourceTree = "<group>"; };
		3CFBF98728F769B5007C0CAB /* LevelCardView.swift */ = {isa = PBXFileReference; lastKnownFileType = sourcecode.swift; path = LevelCardView.swift; sourceTree = "<group>"; };
		3CFBF98B28F769F6007C0CAB /* LevelViewModel.swift */ = {isa = PBXFileReference; lastKnownFileType = sourcecode.swift; path = LevelViewModel.swift; sourceTree = "<group>"; };
/* End PBXFileReference section */

/* Begin PBXFrameworksBuildPhase section */
		3CFBF96628F744B7007C0CAB /* Frameworks */ = {
			isa = PBXFrameworksBuildPhase;
			buildActionMask = 2147483647;
			files = (
			);
			runOnlyForDeploymentPostprocessing = 0;
		};
/* End PBXFrameworksBuildPhase section */

/* Begin PBXGroup section */
		3CFBF96028F744B7007C0CAB = {
			isa = PBXGroup;
			children = (
				3CFBF96B28F744B7007C0CAB /* Conjugator */,
				3CFBF96A28F744B7007C0CAB /* Products */,
			);
			sourceTree = "<group>";
		};
		3CFBF96A28F744B7007C0CAB /* Products */ = {
			isa = PBXGroup;
			children = (
				3CFBF96928F744B7007C0CAB /* Conjugator.app */,
			);
			name = Products;
			sourceTree = "<group>";
		};
		3CFBF96B28F744B7007C0CAB /* Conjugator */ = {
			isa = PBXGroup;
			children = (
				3CFBF96C28F744B7007C0CAB /* ConjugatorApp.swift */,
				3CFBF97D28F747E2007C0CAB /* Models.swift */,
				3CFBF98928F769E8007C0CAB /* Home Page */,
				3CFBF98A28F769EE007C0CAB /* Detail Page */,
				3CFBF98528F7680B007C0CAB /* Parsing.swift */,
				3CB042822982F42E0017C787 /* Views.swift */,
				3CFBF97F28F74CE5007C0CAB /* Utilities.swift */,
				3CFBF97028F744B9007C0CAB /* Assets.xcassets */,
			);
			path = Conjugator;
			sourceTree = "<group>";
		};
		3CFBF98928F769E8007C0CAB /* Home Page */ = {
			isa = PBXGroup;
			children = (
				3CFBF97A28F74597007C0CAB /* ViewModel.swift */,
				3CFBF96E28F744B7007C0CAB /* ContentView.swift */,
				3CFBF98728F769B5007C0CAB /* LevelCardView.swift */,
			);
			path = "Home Page";
			sourceTree = "<group>";
		};
		3CFBF98A28F769EE007C0CAB /* Detail Page */ = {
			isa = PBXGroup;
			children = (
				3CFBF98B28F769F6007C0CAB /* LevelViewModel.swift */,
				3CFBF98128F76171007C0CAB /* LevelView.swift */,
				3CB04286298386990017C787 /* KeyboardView.swift */,
				3CB042802982F3E60017C787 /* ConversationView.swift */,
				3CB042842982F4620017C787 /* MessageView.swift */,
			);
			path = "Detail Page";
			sourceTree = "<group>";
		};
/* End PBXGroup section */

/* Begin PBXNativeTarget section */
		3CFBF96828F744B7007C0CAB /* Conjugator */ = {
			isa = PBXNativeTarget;
			buildConfigurationList = 3CFBF97728F744B9007C0CAB /* Build configuration list for PBXNativeTarget "Conjugator" */;
			buildPhases = (
				3CFBF96528F744B7007C0CAB /* Sources */,
				3CFBF96628F744B7007C0CAB /* Frameworks */,
				3CFBF96728F744B7007C0CAB /* Resources */,
			);
			buildRules = (
			);
			dependencies = (
			);
			name = Conjugator;
			productName = Conjugator;
			productReference = 3CFBF96928F744B7007C0CAB /* Conjugator.app */;
			productType = "com.apple.product-type.application";
		};
/* End PBXNativeTarget section */

/* Begin PBXProject section */
		3CFBF96128F744B7007C0CAB /* Project object */ = {
			isa = PBXProject;
			attributes = {
				BuildIndependentTargetsInParallel = 1;
				LastSwiftUpdateCheck = 1400;
				LastUpgradeCheck = 1400;
				TargetAttributes = {
					3CFBF96828F744B7007C0CAB = {
						CreatedOnToolsVersion = 14.0;
					};
				};
			};
			buildConfigurationList = 3CFBF96428F744B7007C0CAB /* Build configuration list for PBXProject "Conjugator" */;
			compatibilityVersion = "Xcode 14.0";
			developmentRegion = en;
			hasScannedForEncodings = 0;
			knownRegions = (
				en,
				Base,
			);
			mainGroup = 3CFBF96028F744B7007C0CAB;
			productRefGroup = 3CFBF96A28F744B7007C0CAB /* Products */;
			projectDirPath = "";
			projectRoot = "";
			targets = (
				3CFBF96828F744B7007C0CAB /* Conjugator */,
			);
		};
/* End PBXProject section */

/* Begin PBXResourcesBuildPhase section */
		3CFBF96728F744B7007C0CAB /* Resources */ = {
			isa = PBXResourcesBuildPhase;
			buildActionMask = 2147483647;
			files = (
				3CFBF97128F744B9007C0CAB /* Assets.xcassets in Resources */,
			);
			runOnlyForDeploymentPostprocessing = 0;
		};
/* End PBXResourcesBuildPhase section */

/* Begin PBXSourcesBuildPhase section */
		3CFBF96528F744B7007C0CAB /* Sources */ = {
			isa = PBXSourcesBuildPhase;
			buildActionMask = 2147483647;
			files = (
				3CB042852982F4620017C787 /* MessageView.swift in Sources */,
				3CB04287298386990017C787 /* KeyboardView.swift in Sources */,
				3CFBF98628F7680B007C0CAB /* Parsing.swift in Sources */,
				3CB042832982F42E0017C787 /* Views.swift in Sources */,
				3CFBF96F28F744B7007C0CAB /* ContentView.swift in Sources */,
				3CFBF98228F76171007C0CAB /* LevelView.swift in Sources */,
				3CFBF98C28F769F6007C0CAB /* LevelViewModel.swift in Sources */,
				3CFBF98828F769B5007C0CAB /* LevelCardView.swift in Sources */,
				3CFBF97B28F74597007C0CAB /* ViewModel.swift in Sources */,
				3CFBF97E28F747E2007C0CAB /* Models.swift in Sources */,
				3CFBF98028F74CE5007C0CAB /* Utilities.swift in Sources */,
				3CFBF96D28F744B7007C0CAB /* ConjugatorApp.swift in Sources */,
				3CB042812982F3E60017C787 /* ConversationView.swift in Sources */,
			);
			runOnlyForDeploymentPostprocessing = 0;
		};
/* End PBXSourcesBuildPhase section */

/* Begin XCBuildConfiguration section */
		3CFBF97528F744B9007C0CAB /* Debug */ = {
			isa = XCBuildConfiguration;
			buildSettings = {
				ALWAYS_SEARCH_USER_PATHS = NO;
				CLANG_ANALYZER_NONNULL = YES;
				CLANG_ANALYZER_NUMBER_OBJECT_CONVERSION = YES_AGGRESSIVE;
				CLANG_CXX_LANGUAGE_STANDARD = "gnu++20";
				CLANG_ENABLE_MODULES = YES;
				CLANG_ENABLE_OBJC_ARC = YES;
				CLANG_ENABLE_OBJC_WEAK = YES;
				CLANG_WARN_BLOCK_CAPTURE_AUTORELEASING = YES;
				CLANG_WARN_BOOL_CONVERSION = YES;
				CLANG_WARN_COMMA = YES;
				CLANG_WARN_CONSTANT_CONVERSION = YES;
				CLANG_WARN_DEPRECATED_OBJC_IMPLEMENTATIONS = YES;
				CLANG_WARN_DIRECT_OBJC_ISA_USAGE = YES_ERROR;
				CLANG_WARN_DOCUMENTATION_COMMENTS = YES;
				CLANG_WARN_EMPTY_BODY = YES;
				CLANG_WARN_ENUM_CONVERSION = YES;
				CLANG_WARN_INFINITE_RECURSION = YES;
				CLANG_WARN_INT_CONVERSION = YES;
				CLANG_WARN_NON_LITERAL_NULL_CONVERSION = YES;
				CLANG_WARN_OBJC_IMPLICIT_RETAIN_SELF = YES;
				CLANG_WARN_OBJC_LITERAL_CONVERSION = YES;
				CLANG_WARN_OBJC_ROOT_CLASS = YES_ERROR;
				CLANG_WARN_QUOTED_INCLUDE_IN_FRAMEWORK_HEADER = YES;
				CLANG_WARN_RANGE_LOOP_ANALYSIS = YES;
				CLANG_WARN_STRICT_PROTOTYPES = YES;
				CLANG_WARN_SUSPICIOUS_MOVE = YES;
				CLANG_WARN_UNGUARDED_AVAILABILITY = YES_AGGRESSIVE;
				CLANG_WARN_UNREACHABLE_CODE = YES;
				CLANG_WARN__DUPLICATE_METHOD_MATCH = YES;
				COPY_PHASE_STRIP = NO;
				DEBUG_INFORMATION_FORMAT = dwarf;
				ENABLE_STRICT_OBJC_MSGSEND = YES;
				ENABLE_TESTABILITY = YES;
				GCC_C_LANGUAGE_STANDARD = gnu11;
				GCC_DYNAMIC_NO_PIC = NO;
				GCC_NO_COMMON_BLOCKS = YES;
				GCC_OPTIMIZATION_LEVEL = 0;
				GCC_PREPROCESSOR_DEFINITIONS = (
					"DEBUG=1",
					"$(inherited)",
				);
				GCC_WARN_64_TO_32_BIT_CONVERSION = YES;
				GCC_WARN_ABOUT_RETURN_TYPE = YES_ERROR;
				GCC_WARN_UNDECLARED_SELECTOR = YES;
				GCC_WARN_UNINITIALIZED_AUTOS = YES_AGGRESSIVE;
				GCC_WARN_UNUSED_FUNCTION = YES;
				GCC_WARN_UNUSED_VARIABLE = YES;
				IPHONEOS_DEPLOYMENT_TARGET = 16.0;
				MTL_ENABLE_DEBUG_INFO = INCLUDE_SOURCE;
				MTL_FAST_MATH = YES;
				ONLY_ACTIVE_ARCH = YES;
				SDKROOT = iphoneos;
				SWIFT_ACTIVE_COMPILATION_CONDITIONS = DEBUG;
				SWIFT_OPTIMIZATION_LEVEL = "-Onone";
			};
			name = Debug;
		};
		3CFBF97628F744B9007C0CAB /* Release */ = {
			isa = XCBuildConfiguration;
			buildSettings = {
				ALWAYS_SEARCH_USER_PATHS = NO;
				CLANG_ANALYZER_NONNULL = YES;
				CLANG_ANALYZER_NUMBER_OBJECT_CONVERSION = YES_AGGRESSIVE;
				CLANG_CXX_LANGUAGE_STANDARD = "gnu++20";
				CLANG_ENABLE_MODULES = YES;
				CLANG_ENABLE_OBJC_ARC = YES;
				CLANG_ENABLE_OBJC_WEAK = YES;
				CLANG_WARN_BLOCK_CAPTURE_AUTORELEASING = YES;
				CLANG_WARN_BOOL_CONVERSION = YES;
				CLANG_WARN_COMMA = YES;
				CLANG_WARN_CONSTANT_CONVERSION = YES;
				CLANG_WARN_DEPRECATED_OBJC_IMPLEMENTATIONS = YES;
				CLANG_WARN_DIRECT_OBJC_ISA_USAGE = YES_ERROR;
				CLANG_WARN_DOCUMENTATION_COMMENTS = YES;
				CLANG_WARN_EMPTY_BODY = YES;
				CLANG_WARN_ENUM_CONVERSION = YES;
				CLANG_WARN_INFINITE_RECURSION = YES;
				CLANG_WARN_INT_CONVERSION = YES;
				CLANG_WARN_NON_LITERAL_NULL_CONVERSION = YES;
				CLANG_WARN_OBJC_IMPLICIT_RETAIN_SELF = YES;
				CLANG_WARN_OBJC_LITERAL_CONVERSION = YES;
				CLANG_WARN_OBJC_ROOT_CLASS = YES_ERROR;
				CLANG_WARN_QUOTED_INCLUDE_IN_FRAMEWORK_HEADER = YES;
				CLANG_WARN_RANGE_LOOP_ANALYSIS = YES;
				CLANG_WARN_STRICT_PROTOTYPES = YES;
				CLANG_WARN_SUSPICIOUS_MOVE = YES;
				CLANG_WARN_UNGUARDED_AVAILABILITY = YES_AGGRESSIVE;
				CLANG_WARN_UNREACHABLE_CODE = YES;
				CLANG_WARN__DUPLICATE_METHOD_MATCH = YES;
				COPY_PHASE_STRIP = NO;
				DEBUG_INFORMATION_FORMAT = "dwarf-with-dsym";
				ENABLE_NS_ASSERTIONS = NO;
				ENABLE_STRICT_OBJC_MSGSEND = YES;
				GCC_C_LANGUAGE_STANDARD = gnu11;
				GCC_NO_COMMON_BLOCKS = YES;
				GCC_WARN_64_TO_32_BIT_CONVERSION = YES;
				GCC_WARN_ABOUT_RETURN_TYPE = YES_ERROR;
				GCC_WARN_UNDECLARED_SELECTOR = YES;
				GCC_WARN_UNINITIALIZED_AUTOS = YES_AGGRESSIVE;
				GCC_WARN_UNUSED_FUNCTION = YES;
				GCC_WARN_UNUSED_VARIABLE = YES;
				IPHONEOS_DEPLOYMENT_TARGET = 16.0;
				MTL_ENABLE_DEBUG_INFO = NO;
				MTL_FAST_MATH = YES;
				SDKROOT = iphoneos;
				SWIFT_COMPILATION_MODE = wholemodule;
				SWIFT_OPTIMIZATION_LEVEL = "-O";
				VALIDATE_PRODUCT = YES;
			};
			name = Release;
		};
		3CFBF97828F744B9007C0CAB /* Debug */ = {
			isa = XCBuildConfiguration;
			buildSettings = {
				ASSETCATALOG_COMPILER_APPICON_NAME = AppIcon;
				ASSETCATALOG_COMPILER_GLOBAL_ACCENT_COLOR_NAME = AccentColor;
				CODE_SIGN_STYLE = Automatic;
				CURRENT_PROJECT_VERSION = 1;
				DEVELOPMENT_TEAM = YA533DMD5J;
				ENABLE_PREVIEWS = YES;
				GENERATE_INFOPLIST_FILE = YES;
				INFOPLIST_KEY_UIApplicationSceneManifest_Generation = YES;
				INFOPLIST_KEY_UIApplicationSupportsIndirectInputEvents = YES;
				INFOPLIST_KEY_UILaunchScreen_Generation = YES;
				INFOPLIST_KEY_UISupportedInterfaceOrientations_iPad = "UIInterfaceOrientationPortrait UIInterfaceOrientationPortraitUpsideDown UIInterfaceOrientationLandscapeLeft UIInterfaceOrientationLandscapeRight";
				INFOPLIST_KEY_UISupportedInterfaceOrientations_iPhone = "UIInterfaceOrientationPortrait UIInterfaceOrientationLandscapeLeft UIInterfaceOrientationLandscapeRight";
				LD_RUNPATH_SEARCH_PATHS = (
					"$(inherited)",
					"@executable_path/Frameworks",
				);
				MARKETING_VERSION = 1.0;
				PRODUCT_BUNDLE_IDENTIFIER = com.aheze.Conjugator;
				PRODUCT_NAME = "$(TARGET_NAME)";
				SWIFT_EMIT_LOC_STRINGS = YES;
				SWIFT_VERSION = 5.0;
				TARGETED_DEVICE_FAMILY = "1,2";
			};
			name = Debug;
		};
		3CFBF97928F744B9007C0CAB /* Release */ = {
			isa = XCBuildConfiguration;
			buildSettings = {
				ASSETCATALOG_COMPILER_APPICON_NAME = AppIcon;
				ASSETCATALOG_COMPILER_GLOBAL_ACCENT_COLOR_NAME = AccentColor;
				CODE_SIGN_STYLE = Automatic;
				CURRENT_PROJECT_VERSION = 1;
				DEVELOPMENT_TEAM = YA533DMD5J;
				ENABLE_PREVIEWS = YES;
				GENERATE_INFOPLIST_FILE = YES;
				INFOPLIST_KEY_UIApplicationSceneManifest_Generation = YES;
				INFOPLIST_KEY_UIApplicationSupportsIndirectInputEvents = YES;
				INFOPLIST_KEY_UILaunchScreen_Generation = YES;
				INFOPLIST_KEY_UISupportedInterfaceOrientations_iPad = "UIInterfaceOrientationPortrait UIInterfaceOrientationPortraitUpsideDown UIInterfaceOrientationLandscapeLeft UIInterfaceOrientationLandscapeRight";
				INFOPLIST_KEY_UISupportedInterfaceOrientations_iPhone = "UIInterfaceOrientationPortrait UIInterfaceOrientationLandscapeLeft UIInterfaceOrientationLandscapeRight";
				LD_RUNPATH_SEARCH_PATHS = (
					"$(inherited)",
					"@executable_path/Frameworks",
				);
				MARKETING_VERSION = 1.0;
				PRODUCT_BUNDLE_IDENTIFIER = com.aheze.Conjugator;
				PRODUCT_NAME = "$(TARGET_NAME)";
				SWIFT_EMIT_LOC_STRINGS = YES;
				SWIFT_VERSION = 5.0;
				TARGETED_DEVICE_FAMILY = "1,2";
			};
			name = Release;
		};
/* End XCBuildConfiguration section */

/* Begin XCConfigurationList section */
		3CFBF96428F744B7007C0CAB /* Build configuration list for PBXProject "Conjugator" */ = {
			isa = XCConfigurationList;
			buildConfigurations = (
				3CFBF97528F744B9007C0CAB /* Debug */,
				3CFBF97628F744B9007C0CAB /* Release */,
			);
			defaultConfigurationIsVisible = 0;
			defaultConfigurationName = Release;
		};
		3CFBF97728F744B9007C0CAB /* Build configuration list for PBXNativeTarget "Conjugator" */ = {
			isa = XCConfigurationList;
			buildConfigurations = (
				3CFBF97828F744B9007C0CAB /* Debug */,
				3CFBF97928F744B9007C0CAB /* Release */,
			);
			defaultConfigurationIsVisible = 0;
			defaultConfigurationName = Release;
		};
/* End XCConfigurationList section */
	};
	rootObject = 3CFBF96128F744B7007C0CAB /* Project object */;
}
